// !$*UTF8*$!
{
	archiveVersion = 1;
	classes = {
	};
	objectVersion = 51;
	objects = {

/* Begin PBXBuildFile section */
		40A56671299AA39D4AB4B1C2 /* Pods_Notey.framework in Frameworks */ = {isa = PBXBuildFile; fileRef = 14AB0CF77F16B702EF7EE9EF /* Pods_Notey.framework */; };
		4C872FBDB53810D378E32A50 /* Pods_Notey_NoteyUITests.framework in Frameworks */ = {isa = PBXBuildFile; fileRef = 3493935D4C8890EDCC0BAC8A /* Pods_Notey_NoteyUITests.framework */; };
		4F39199825EA822B00051A35 /* WSDetailController.swift in Sources */ = {isa = PBXBuildFile; fileRef = 4F39199525EA822B00051A35 /* WSDetailController.swift */; };
		4F39199925EA822B00051A35 /* WSDetailViewModel.swift in Sources */ = {isa = PBXBuildFile; fileRef = 4F39199625EA822B00051A35 /* WSDetailViewModel.swift */; };
		4F39199A25EA822B00051A35 /* WSDetailView.swift in Sources */ = {isa = PBXBuildFile; fileRef = 4F39199725EA822B00051A35 /* WSDetailView.swift */; };
		4F3919BC25EB9A8000051A35 /* WorkspaceStorage.swift in Sources */ = {isa = PBXBuildFile; fileRef = 4F3919BB25EB9A8000051A35 /* WorkspaceStorage.swift */; };
		4F3919C425EB9AA200051A35 /* LocalWorkspaceStorage.swift in Sources */ = {isa = PBXBuildFile; fileRef = 4F3919C325EB9AA200051A35 /* LocalWorkspaceStorage.swift */; };
		4F3919CE25EB9C5900051A35 /* CoreDataStorage.xcdatamodeld in Sources */ = {isa = PBXBuildFile; fileRef = 4F3919CC25EB9C5900051A35 /* CoreDataStorage.xcdatamodeld */; };
		4F3919DD25EB9CF900051A35 /* WorkspaceDomain.swift in Sources */ = {isa = PBXBuildFile; fileRef = 4F3919DC25EB9CF900051A35 /* WorkspaceDomain.swift */; };
		4F391A2425EBA5B900051A35 /* WorkspaceEntity+CoreDataClass.swift in Sources */ = {isa = PBXBuildFile; fileRef = 4F3919FF25EBA4D400051A35 /* WorkspaceEntity+CoreDataClass.swift */; };
		4F391A2525EBA5B900051A35 /* WorkspaceEntity+CoreDataProperties.swift in Sources */ = {isa = PBXBuildFile; fileRef = 4F391A0025EBA4D400051A35 /* WorkspaceEntity+CoreDataProperties.swift */; };
		4F391A4725EBAD1300051A35 /* LocalWorkspaceStorageTests.swift in Sources */ = {isa = PBXBuildFile; fileRef = 4F391A4625EBAD1300051A35 /* LocalWorkspaceStorageTests.swift */; };
		4F391A5F25EBB1FD00051A35 /* CoreDataStorageMock.swift in Sources */ = {isa = PBXBuildFile; fileRef = 4F391A5E25EBB1FD00051A35 /* CoreDataStorageMock.swift */; };
		4F391A6D25EBB3F100051A35 /* Date.swift in Sources */ = {isa = PBXBuildFile; fileRef = 4F391A6C25EBB3F100051A35 /* Date.swift */; };
		4F391A7525EBB45500051A35 /* Int64.swift in Sources */ = {isa = PBXBuildFile; fileRef = 4F391A7425EBB45500051A35 /* Int64.swift */; };
		4F391A8025EBB47B00051A35 /* DateTests.swift in Sources */ = {isa = PBXBuildFile; fileRef = 4F391A7F25EBB47B00051A35 /* DateTests.swift */; };
		4F391A8525EBB48200051A35 /* Int64Tests.swift in Sources */ = {isa = PBXBuildFile; fileRef = 4F391A8425EBB48200051A35 /* Int64Tests.swift */; };
		4F72815225F102A000C524C3 /* AppDIContainer+AuthFlowCoordinatorFactory.swift in Sources */ = {isa = PBXBuildFile; fileRef = 4F72815125F102A000C524C3 /* AppDIContainer+AuthFlowCoordinatorFactory.swift */; };
		4F72819925F3977F00C524C3 /* CoreDataStorage.xcdatamodeld in Sources */ = {isa = PBXBuildFile; fileRef = 4F3919CC25EB9C5900051A35 /* CoreDataStorage.xcdatamodeld */; };
		4F7281A325F3AFA800C524C3 /* WorkspaceDomainMock.swift in Sources */ = {isa = PBXBuildFile; fileRef = 4F7281A225F3AFA800C524C3 /* WorkspaceDomainMock.swift */; };
		4F7281AC25F3C63600C524C3 /* WorkspaceRepository.swift in Sources */ = {isa = PBXBuildFile; fileRef = 4F7281AB25F3C63600C524C3 /* WorkspaceRepository.swift */; };
		4F7281B125F3C64900C524C3 /* DefaultWorkspaceRepository.swift in Sources */ = {isa = PBXBuildFile; fileRef = 4F7281B025F3C64900C524C3 /* DefaultWorkspaceRepository.swift */; };
		4F7281C525F3C7E800C524C3 /* RepositoryFactory.swift in Sources */ = {isa = PBXBuildFile; fileRef = 4F7281C425F3C7E800C524C3 /* RepositoryFactory.swift */; };
		4F7281CB25F3C7F800C524C3 /* UseCaseFactory.swift in Sources */ = {isa = PBXBuildFile; fileRef = 4F7281CA25F3C7F800C524C3 /* UseCaseFactory.swift */; };
		4F7281D625F3C85700C524C3 /* AppDIContainer+WorkspaceRepository.swift in Sources */ = {isa = PBXBuildFile; fileRef = 4F7281D525F3C85700C524C3 /* AppDIContainer+WorkspaceRepository.swift */; };
		4F7281E225F3C98700C524C3 /* WorkspaceRepositoryTests.swift in Sources */ = {isa = PBXBuildFile; fileRef = 4F7281E125F3C98700C524C3 /* WorkspaceRepositoryTests.swift */; };
		4F72820425F3D2BD00C524C3 /* InsertWorkspaceUseCase.swift in Sources */ = {isa = PBXBuildFile; fileRef = 4F72820325F3D2BD00C524C3 /* InsertWorkspaceUseCase.swift */; };
		4F72820B25F3D39400C524C3 /* InsertWorkspaceUseCaseTests.swift in Sources */ = {isa = PBXBuildFile; fileRef = 4F72820A25F3D39400C524C3 /* InsertWorkspaceUseCaseTests.swift */; };
		4F72821825F3D44C00C524C3 /* AppDIContainer+WorkspaceUseCase.swift in Sources */ = {isa = PBXBuildFile; fileRef = 4F72821725F3D44C00C524C3 /* AppDIContainer+WorkspaceUseCase.swift */; };
		4F8F842825EA121E007359F2 /* AppFlowCoordinator.swift in Sources */ = {isa = PBXBuildFile; fileRef = 4F8F842725EA121E007359F2 /* AppFlowCoordinator.swift */; };
		4F8F842D25EA1296007359F2 /* AppDIContainer.swift in Sources */ = {isa = PBXBuildFile; fileRef = 4F8F842C25EA1296007359F2 /* AppDIContainer.swift */; };
		4F8F843325EA13F4007359F2 /* FlowCoordinatorFactory.swift in Sources */ = {isa = PBXBuildFile; fileRef = 4F8F843225EA13F4007359F2 /* FlowCoordinatorFactory.swift */; };
		4F8F843F25EA143B007359F2 /* AppDIContainer+FlowCoordinatorFactory.swift in Sources */ = {isa = PBXBuildFile; fileRef = 4F8F843E25EA143B007359F2 /* AppDIContainer+FlowCoordinatorFactory.swift */; };
		4F8F844425EA14AE007359F2 /* AppDIContainer+WorkspaceFlowCoordinatorFactory.swift in Sources */ = {isa = PBXBuildFile; fileRef = 4F8F844325EA14AE007359F2 /* AppDIContainer+WorkspaceFlowCoordinatorFactory.swift */; };
		4F8F845725EA16C5007359F2 /* Main.storyboard in Resources */ = {isa = PBXBuildFile; fileRef = 4F8F845625EA16C5007359F2 /* Main.storyboard */; };
		4FD4F77725E2302800E22EE0 /* AppDelegate.swift in Sources */ = {isa = PBXBuildFile; fileRef = 4FD4F77625E2302800E22EE0 /* AppDelegate.swift */; };
		4FD4F77925E2302800E22EE0 /* SceneDelegate.swift in Sources */ = {isa = PBXBuildFile; fileRef = 4FD4F77825E2302800E22EE0 /* SceneDelegate.swift */; };
		4FD4F78325E2302900E22EE0 /* Assets.xcassets in Resources */ = {isa = PBXBuildFile; fileRef = 4FD4F78225E2302900E22EE0 /* Assets.xcassets */; };
		4FD4F78625E2302900E22EE0 /* LaunchScreen.storyboard in Resources */ = {isa = PBXBuildFile; fileRef = 4FD4F78425E2302900E22EE0 /* LaunchScreen.storyboard */; };
		4FD4F79C25E2302A00E22EE0 /* WriteyUITests.swift in Sources */ = {isa = PBXBuildFile; fileRef = 4FD4F79B25E2302A00E22EE0 /* WriteyUITests.swift */; };
		4FD4F7BC25E230CD00E22EE0 /* WorkspaceController.swift in Sources */ = {isa = PBXBuildFile; fileRef = 4FD4F7B925E230CD00E22EE0 /* WorkspaceController.swift */; };
		4FD4F7BD25E230CD00E22EE0 /* WorkspaceViewModel.swift in Sources */ = {isa = PBXBuildFile; fileRef = 4FD4F7BA25E230CD00E22EE0 /* WorkspaceViewModel.swift */; };
		4FD4F7BE25E230CD00E22EE0 /* WorkspaceView.swift in Sources */ = {isa = PBXBuildFile; fileRef = 4FD4F7BB25E230CD00E22EE0 /* WorkspaceView.swift */; };
		4FD4F7C425E230DD00E22EE0 /* WorkspaceFlowCoordinator.swift in Sources */ = {isa = PBXBuildFile; fileRef = 4FD4F7C325E230DD00E22EE0 /* WorkspaceFlowCoordinator.swift */; };
		4FD4F7E925E235F800E22EE0 /* CoreDataStorage.swift in Sources */ = {isa = PBXBuildFile; fileRef = 4FD4F7E825E235F800E22EE0 /* CoreDataStorage.swift */; };
		F03CD5D60E33BBDAD3403A50 /* Pods_NoteyTests.framework in Frameworks */ = {isa = PBXBuildFile; fileRef = 8A658260A056D44E8E2944D3 /* Pods_NoteyTests.framework */; };
/* End PBXBuildFile section */

/* Begin PBXContainerItemProxy section */
		4FD4F78D25E2302900E22EE0 /* PBXContainerItemProxy */ = {
			isa = PBXContainerItemProxy;
			containerPortal = 4FD4F76B25E2302800E22EE0 /* Project object */;
			proxyType = 1;
			remoteGlobalIDString = 4FD4F77225E2302800E22EE0;
			remoteInfo = Writey;
		};
		4FD4F79825E2302A00E22EE0 /* PBXContainerItemProxy */ = {
			isa = PBXContainerItemProxy;
			containerPortal = 4FD4F76B25E2302800E22EE0 /* Project object */;
			proxyType = 1;
			remoteGlobalIDString = 4FD4F77225E2302800E22EE0;
			remoteInfo = Writey;
		};
/* End PBXContainerItemProxy section */

/* Begin PBXFileReference section */
		0F699101D99725D9BE6BEFB2 /* Pods-Notey-NoteyUITests.release.xcconfig */ = {isa = PBXFileReference; includeInIndex = 1; lastKnownFileType = text.xcconfig; name = "Pods-Notey-NoteyUITests.release.xcconfig"; path = "Target Support Files/Pods-Notey-NoteyUITests/Pods-Notey-NoteyUITests.release.xcconfig"; sourceTree = "<group>"; };
		14AB0CF77F16B702EF7EE9EF /* Pods_Notey.framework */ = {isa = PBXFileReference; explicitFileType = wrapper.framework; includeInIndex = 0; path = Pods_Notey.framework; sourceTree = BUILT_PRODUCTS_DIR; };
		3493935D4C8890EDCC0BAC8A /* Pods_Notey_NoteyUITests.framework */ = {isa = PBXFileReference; explicitFileType = wrapper.framework; includeInIndex = 0; path = Pods_Notey_NoteyUITests.framework; sourceTree = BUILT_PRODUCTS_DIR; };
		3632FA531817E0EDBB0011BF /* Pods-NoteyTests.debug.xcconfig */ = {isa = PBXFileReference; includeInIndex = 1; lastKnownFileType = text.xcconfig; name = "Pods-NoteyTests.debug.xcconfig"; path = "Target Support Files/Pods-NoteyTests/Pods-NoteyTests.debug.xcconfig"; sourceTree = "<group>"; };
		3CB4E83F339112D9899236B3 /* Pods-Notey-NoteyUITests.debug.xcconfig */ = {isa = PBXFileReference; includeInIndex = 1; lastKnownFileType = text.xcconfig; name = "Pods-Notey-NoteyUITests.debug.xcconfig"; path = "Target Support Files/Pods-Notey-NoteyUITests/Pods-Notey-NoteyUITests.debug.xcconfig"; sourceTree = "<group>"; };
		3D316AC12ED0FCA12C344133 /* Pods-NoteyTests.release.xcconfig */ = {isa = PBXFileReference; includeInIndex = 1; lastKnownFileType = text.xcconfig; name = "Pods-NoteyTests.release.xcconfig"; path = "Target Support Files/Pods-NoteyTests/Pods-NoteyTests.release.xcconfig"; sourceTree = "<group>"; };
		4F39199525EA822B00051A35 /* WSDetailController.swift */ = {isa = PBXFileReference; lastKnownFileType = sourcecode.swift; path = WSDetailController.swift; sourceTree = "<group>"; };
		4F39199625EA822B00051A35 /* WSDetailViewModel.swift */ = {isa = PBXFileReference; lastKnownFileType = sourcecode.swift; path = WSDetailViewModel.swift; sourceTree = "<group>"; };
		4F39199725EA822B00051A35 /* WSDetailView.swift */ = {isa = PBXFileReference; lastKnownFileType = sourcecode.swift; path = WSDetailView.swift; sourceTree = "<group>"; };
		4F3919BB25EB9A8000051A35 /* WorkspaceStorage.swift */ = {isa = PBXFileReference; lastKnownFileType = sourcecode.swift; path = WorkspaceStorage.swift; sourceTree = "<group>"; };
		4F3919C325EB9AA200051A35 /* LocalWorkspaceStorage.swift */ = {isa = PBXFileReference; lastKnownFileType = sourcecode.swift; path = LocalWorkspaceStorage.swift; sourceTree = "<group>"; };
		4F3919CD25EB9C5900051A35 /* CoreDataStorage.xcdatamodel */ = {isa = PBXFileReference; lastKnownFileType = wrapper.xcdatamodel; path = CoreDataStorage.xcdatamodel; sourceTree = "<group>"; };
		4F3919DC25EB9CF900051A35 /* WorkspaceDomain.swift */ = {isa = PBXFileReference; lastKnownFileType = sourcecode.swift; path = WorkspaceDomain.swift; sourceTree = "<group>"; };
		4F3919FF25EBA4D400051A35 /* WorkspaceEntity+CoreDataClass.swift */ = {isa = PBXFileReference; lastKnownFileType = sourcecode.swift; path = "WorkspaceEntity+CoreDataClass.swift"; sourceTree = "<group>"; };
		4F391A0025EBA4D400051A35 /* WorkspaceEntity+CoreDataProperties.swift */ = {isa = PBXFileReference; lastKnownFileType = sourcecode.swift; path = "WorkspaceEntity+CoreDataProperties.swift"; sourceTree = "<group>"; };
		4F391A4625EBAD1300051A35 /* LocalWorkspaceStorageTests.swift */ = {isa = PBXFileReference; lastKnownFileType = sourcecode.swift; path = LocalWorkspaceStorageTests.swift; sourceTree = "<group>"; };
		4F391A5E25EBB1FD00051A35 /* CoreDataStorageMock.swift */ = {isa = PBXFileReference; lastKnownFileType = sourcecode.swift; path = CoreDataStorageMock.swift; sourceTree = "<group>"; };
		4F391A6C25EBB3F100051A35 /* Date.swift */ = {isa = PBXFileReference; lastKnownFileType = sourcecode.swift; path = Date.swift; sourceTree = "<group>"; };
		4F391A7425EBB45500051A35 /* Int64.swift */ = {isa = PBXFileReference; lastKnownFileType = sourcecode.swift; path = Int64.swift; sourceTree = "<group>"; };
		4F391A7F25EBB47B00051A35 /* DateTests.swift */ = {isa = PBXFileReference; lastKnownFileType = sourcecode.swift; path = DateTests.swift; sourceTree = "<group>"; };
		4F391A8425EBB48200051A35 /* Int64Tests.swift */ = {isa = PBXFileReference; lastKnownFileType = sourcecode.swift; path = Int64Tests.swift; sourceTree = "<group>"; };
		4F72815125F102A000C524C3 /* AppDIContainer+AuthFlowCoordinatorFactory.swift */ = {isa = PBXFileReference; lastKnownFileType = sourcecode.swift; path = "AppDIContainer+AuthFlowCoordinatorFactory.swift"; sourceTree = "<group>"; };
		4F7281A225F3AFA800C524C3 /* WorkspaceDomainMock.swift */ = {isa = PBXFileReference; lastKnownFileType = sourcecode.swift; path = WorkspaceDomainMock.swift; sourceTree = "<group>"; };
		4F7281AB25F3C63600C524C3 /* WorkspaceRepository.swift */ = {isa = PBXFileReference; lastKnownFileType = sourcecode.swift; path = WorkspaceRepository.swift; sourceTree = "<group>"; };
		4F7281B025F3C64900C524C3 /* DefaultWorkspaceRepository.swift */ = {isa = PBXFileReference; lastKnownFileType = sourcecode.swift; path = DefaultWorkspaceRepository.swift; sourceTree = "<group>"; };
		4F7281C425F3C7E800C524C3 /* RepositoryFactory.swift */ = {isa = PBXFileReference; lastKnownFileType = sourcecode.swift; path = RepositoryFactory.swift; sourceTree = "<group>"; };
		4F7281CA25F3C7F800C524C3 /* UseCaseFactory.swift */ = {isa = PBXFileReference; lastKnownFileType = sourcecode.swift; path = UseCaseFactory.swift; sourceTree = "<group>"; };
		4F7281D525F3C85700C524C3 /* AppDIContainer+WorkspaceRepository.swift */ = {isa = PBXFileReference; lastKnownFileType = sourcecode.swift; path = "AppDIContainer+WorkspaceRepository.swift"; sourceTree = "<group>"; };
		4F7281E125F3C98700C524C3 /* WorkspaceRepositoryTests.swift */ = {isa = PBXFileReference; lastKnownFileType = sourcecode.swift; path = WorkspaceRepositoryTests.swift; sourceTree = "<group>"; };
		4F72820325F3D2BD00C524C3 /* InsertWorkspaceUseCase.swift */ = {isa = PBXFileReference; lastKnownFileType = sourcecode.swift; path = InsertWorkspaceUseCase.swift; sourceTree = "<group>"; };
		4F72820A25F3D39400C524C3 /* InsertWorkspaceUseCaseTests.swift */ = {isa = PBXFileReference; lastKnownFileType = sourcecode.swift; path = InsertWorkspaceUseCaseTests.swift; sourceTree = "<group>"; };
		4F72821725F3D44C00C524C3 /* AppDIContainer+WorkspaceUseCase.swift */ = {isa = PBXFileReference; lastKnownFileType = sourcecode.swift; path = "AppDIContainer+WorkspaceUseCase.swift"; sourceTree = "<group>"; };
		4F8F842725EA121E007359F2 /* AppFlowCoordinator.swift */ = {isa = PBXFileReference; lastKnownFileType = sourcecode.swift; path = AppFlowCoordinator.swift; sourceTree = "<group>"; };
		4F8F842C25EA1296007359F2 /* AppDIContainer.swift */ = {isa = PBXFileReference; lastKnownFileType = sourcecode.swift; path = AppDIContainer.swift; sourceTree = "<group>"; };
		4F8F843225EA13F4007359F2 /* FlowCoordinatorFactory.swift */ = {isa = PBXFileReference; lastKnownFileType = sourcecode.swift; path = FlowCoordinatorFactory.swift; sourceTree = "<group>"; };
		4F8F843E25EA143B007359F2 /* AppDIContainer+FlowCoordinatorFactory.swift */ = {isa = PBXFileReference; lastKnownFileType = sourcecode.swift; path = "AppDIContainer+FlowCoordinatorFactory.swift"; sourceTree = "<group>"; };
		4F8F844325EA14AE007359F2 /* AppDIContainer+WorkspaceFlowCoordinatorFactory.swift */ = {isa = PBXFileReference; lastKnownFileType = sourcecode.swift; path = "AppDIContainer+WorkspaceFlowCoordinatorFactory.swift"; sourceTree = "<group>"; };
		4F8F845625EA16C5007359F2 /* Main.storyboard */ = {isa = PBXFileReference; lastKnownFileType = file.storyboard; path = Main.storyboard; sourceTree = "<group>"; };
		4FD4F77325E2302800E22EE0 /* Notey.app */ = {isa = PBXFileReference; explicitFileType = wrapper.application; includeInIndex = 0; path = Notey.app; sourceTree = BUILT_PRODUCTS_DIR; };
		4FD4F77625E2302800E22EE0 /* AppDelegate.swift */ = {isa = PBXFileReference; lastKnownFileType = sourcecode.swift; path = AppDelegate.swift; sourceTree = "<group>"; };
		4FD4F77825E2302800E22EE0 /* SceneDelegate.swift */ = {isa = PBXFileReference; lastKnownFileType = sourcecode.swift; path = SceneDelegate.swift; sourceTree = "<group>"; };
		4FD4F78225E2302900E22EE0 /* Assets.xcassets */ = {isa = PBXFileReference; lastKnownFileType = folder.assetcatalog; path = Assets.xcassets; sourceTree = "<group>"; };
		4FD4F78525E2302900E22EE0 /* Base */ = {isa = PBXFileReference; lastKnownFileType = file.storyboard; name = Base; path = Base.lproj/LaunchScreen.storyboard; sourceTree = "<group>"; };
		4FD4F78725E2302900E22EE0 /* Info.plist */ = {isa = PBXFileReference; lastKnownFileType = text.plist.xml; path = Info.plist; sourceTree = "<group>"; };
		4FD4F78C25E2302900E22EE0 /* NoteyTests.xctest */ = {isa = PBXFileReference; explicitFileType = wrapper.cfbundle; includeInIndex = 0; path = NoteyTests.xctest; sourceTree = BUILT_PRODUCTS_DIR; };
		4FD4F79225E2302900E22EE0 /* Info.plist */ = {isa = PBXFileReference; lastKnownFileType = text.plist.xml; path = Info.plist; sourceTree = "<group>"; };
		4FD4F79725E2302A00E22EE0 /* NoteyUITests.xctest */ = {isa = PBXFileReference; explicitFileType = wrapper.cfbundle; includeInIndex = 0; path = NoteyUITests.xctest; sourceTree = BUILT_PRODUCTS_DIR; };
		4FD4F79B25E2302A00E22EE0 /* WriteyUITests.swift */ = {isa = PBXFileReference; lastKnownFileType = sourcecode.swift; path = WriteyUITests.swift; sourceTree = "<group>"; };
		4FD4F79D25E2302A00E22EE0 /* Info.plist */ = {isa = PBXFileReference; lastKnownFileType = text.plist.xml; path = Info.plist; sourceTree = "<group>"; };
		4FD4F7B925E230CD00E22EE0 /* WorkspaceController.swift */ = {isa = PBXFileReference; lastKnownFileType = sourcecode.swift; path = WorkspaceController.swift; sourceTree = "<group>"; };
		4FD4F7BA25E230CD00E22EE0 /* WorkspaceViewModel.swift */ = {isa = PBXFileReference; lastKnownFileType = sourcecode.swift; path = WorkspaceViewModel.swift; sourceTree = "<group>"; };
		4FD4F7BB25E230CD00E22EE0 /* WorkspaceView.swift */ = {isa = PBXFileReference; lastKnownFileType = sourcecode.swift; path = WorkspaceView.swift; sourceTree = "<group>"; };
		4FD4F7C325E230DD00E22EE0 /* WorkspaceFlowCoordinator.swift */ = {isa = PBXFileReference; lastKnownFileType = sourcecode.swift; path = WorkspaceFlowCoordinator.swift; sourceTree = "<group>"; };
		4FD4F7E825E235F800E22EE0 /* CoreDataStorage.swift */ = {isa = PBXFileReference; lastKnownFileType = sourcecode.swift; path = CoreDataStorage.swift; sourceTree = "<group>"; };
		8A658260A056D44E8E2944D3 /* Pods_NoteyTests.framework */ = {isa = PBXFileReference; explicitFileType = wrapper.framework; includeInIndex = 0; path = Pods_NoteyTests.framework; sourceTree = BUILT_PRODUCTS_DIR; };
		99566E338E62D35C69E35870 /* Pods-Notey.debug.xcconfig */ = {isa = PBXFileReference; includeInIndex = 1; lastKnownFileType = text.xcconfig; name = "Pods-Notey.debug.xcconfig"; path = "Target Support Files/Pods-Notey/Pods-Notey.debug.xcconfig"; sourceTree = "<group>"; };
		C28EC96DEBAC9D0BAF0405E1 /* Pods-Notey.release.xcconfig */ = {isa = PBXFileReference; includeInIndex = 1; lastKnownFileType = text.xcconfig; name = "Pods-Notey.release.xcconfig"; path = "Target Support Files/Pods-Notey/Pods-Notey.release.xcconfig"; sourceTree = "<group>"; };
/* End PBXFileReference section */

/* Begin PBXFrameworksBuildPhase section */
		4FD4F77025E2302800E22EE0 /* Frameworks */ = {
			isa = PBXFrameworksBuildPhase;
			buildActionMask = 2147483647;
			files = (
				40A56671299AA39D4AB4B1C2 /* Pods_Notey.framework in Frameworks */,
			);
			runOnlyForDeploymentPostprocessing = 0;
		};
		4FD4F78925E2302900E22EE0 /* Frameworks */ = {
			isa = PBXFrameworksBuildPhase;
			buildActionMask = 2147483647;
			files = (
				F03CD5D60E33BBDAD3403A50 /* Pods_NoteyTests.framework in Frameworks */,
			);
			runOnlyForDeploymentPostprocessing = 0;
		};
		4FD4F79425E2302A00E22EE0 /* Frameworks */ = {
			isa = PBXFrameworksBuildPhase;
			buildActionMask = 2147483647;
			files = (
				4C872FBDB53810D378E32A50 /* Pods_Notey_NoteyUITests.framework in Frameworks */,
			);
			runOnlyForDeploymentPostprocessing = 0;
		};
/* End PBXFrameworksBuildPhase section */

/* Begin PBXGroup section */
		4F39199425EA820F00051A35 /* DetailUI */ = {
			isa = PBXGroup;
			children = (
				4F39199525EA822B00051A35 /* WSDetailController.swift */,
				4F39199625EA822B00051A35 /* WSDetailViewModel.swift */,
				4F39199725EA822B00051A35 /* WSDetailView.swift */,
			);
			path = DetailUI;
			sourceTree = "<group>";
		};
		4F3919BA25EB98E800051A35 /* Local */ = {
			isa = PBXGroup;
			children = (
				4F3919C825EB9B9B00051A35 /* Entity */,
				4F3919C325EB9AA200051A35 /* LocalWorkspaceStorage.swift */,
			);
			path = Local;
			sourceTree = "<group>";
		};
		4F3919C825EB9B9B00051A35 /* Entity */ = {
			isa = PBXGroup;
			children = (
				4F3919FF25EBA4D400051A35 /* WorkspaceEntity+CoreDataClass.swift */,
				4F391A0025EBA4D400051A35 /* WorkspaceEntity+CoreDataProperties.swift */,
			);
			path = Entity;
			sourceTree = "<group>";
		};
		4F391A4125EBACDB00051A35 /* Data */ = {
			isa = PBXGroup;
			children = (
				4F391A4225EBACE100051A35 /* Storage */,
			);
			path = Data;
			sourceTree = "<group>";
		};
		4F391A4225EBACE100051A35 /* Storage */ = {
			isa = PBXGroup;
			children = (
				4F391A5D25EBB1EF00051A35 /* CoreData */,
				4F391A4525EBACF400051A35 /* Workspace */,
			);
			path = Storage;
			sourceTree = "<group>";
		};
		4F391A4525EBACF400051A35 /* Workspace */ = {
			isa = PBXGroup;
			children = (
				4F391A4625EBAD1300051A35 /* LocalWorkspaceStorageTests.swift */,
			);
			path = Workspace;
			sourceTree = "<group>";
		};
		4F391A5D25EBB1EF00051A35 /* CoreData */ = {
			isa = PBXGroup;
			children = (
				4F391A5E25EBB1FD00051A35 /* CoreDataStorageMock.swift */,
			);
			path = CoreData;
			sourceTree = "<group>";
		};
		4F391A6925EBB3D400051A35 /* Common */ = {
			isa = PBXGroup;
			children = (
				4F391A6A25EBB3DA00051A35 /* Utils */,
			);
			path = Common;
			sourceTree = "<group>";
		};
		4F391A6A25EBB3DA00051A35 /* Utils */ = {
			isa = PBXGroup;
			children = (
				4F391A6B25EBB3E200051A35 /* Extension */,
			);
			path = Utils;
			sourceTree = "<group>";
		};
		4F391A6B25EBB3E200051A35 /* Extension */ = {
			isa = PBXGroup;
			children = (
				4F391A6C25EBB3F100051A35 /* Date.swift */,
				4F391A7425EBB45500051A35 /* Int64.swift */,
			);
			path = Extension;
			sourceTree = "<group>";
		};
		4F391A7925EBB46200051A35 /* Common */ = {
			isa = PBXGroup;
			children = (
				4F391A7D25EBB46D00051A35 /* Utils */,
			);
			path = Common;
			sourceTree = "<group>";
		};
		4F391A7D25EBB46D00051A35 /* Utils */ = {
			isa = PBXGroup;
			children = (
				4F391A7E25EBB47100051A35 /* Extension */,
			);
			path = Utils;
			sourceTree = "<group>";
		};
		4F391A7E25EBB47100051A35 /* Extension */ = {
			isa = PBXGroup;
			children = (
				4F391A7F25EBB47B00051A35 /* DateTests.swift */,
				4F391A8425EBB48200051A35 /* Int64Tests.swift */,
			);
			path = Extension;
			sourceTree = "<group>";
		};
		4F7281A025F3AF9100C524C3 /* Domain */ = {
			isa = PBXGroup;
			children = (
				4F72820825F3D37B00C524C3 /* UseCase */,
				4F7281DB25F3C95000C524C3 /* Interface */,
			);
			path = Domain;
			sourceTree = "<group>";
		};
		4F7281A125F3AF9800C524C3 /* Entity */ = {
			isa = PBXGroup;
			children = (
				4F7281A225F3AFA800C524C3 /* WorkspaceDomainMock.swift */,
			);
			path = Entity;
			sourceTree = "<group>";
		};
		4F7281AA25F3C62300C524C3 /* Repository */ = {
			isa = PBXGroup;
			children = (
				4F7281B025F3C64900C524C3 /* DefaultWorkspaceRepository.swift */,
			);
			path = Repository;
			sourceTree = "<group>";
		};
		4F7281C125F3C7D400C524C3 /* Repository */ = {
			isa = PBXGroup;
			children = (
				4F7281C325F3C7DF00C524C3 /* Factory */,
				4F7281D525F3C85700C524C3 /* AppDIContainer+WorkspaceRepository.swift */,
			);
			path = Repository;
			sourceTree = "<group>";
		};
		4F7281C225F3C7D800C524C3 /* UseCase */ = {
			isa = PBXGroup;
			children = (
				4F7281C925F3C7EC00C524C3 /* Factory */,
				4F72821725F3D44C00C524C3 /* AppDIContainer+WorkspaceUseCase.swift */,
			);
			path = UseCase;
			sourceTree = "<group>";
		};
		4F7281C325F3C7DF00C524C3 /* Factory */ = {
			isa = PBXGroup;
			children = (
				4F7281C425F3C7E800C524C3 /* RepositoryFactory.swift */,
			);
			path = Factory;
			sourceTree = "<group>";
		};
		4F7281C925F3C7EC00C524C3 /* Factory */ = {
			isa = PBXGroup;
			children = (
				4F7281CA25F3C7F800C524C3 /* UseCaseFactory.swift */,
			);
			path = Factory;
			sourceTree = "<group>";
		};
		4F7281DB25F3C95000C524C3 /* Interface */ = {
			isa = PBXGroup;
			children = (
				4F7281E025F3C97C00C524C3 /* Repository */,
			);
			path = Interface;
			sourceTree = "<group>";
		};
		4F7281DC25F3C95900C524C3 /* Repository */ = {
			isa = PBXGroup;
			children = (
				4F7281AB25F3C63600C524C3 /* WorkspaceRepository.swift */,
			);
			path = Repository;
			sourceTree = "<group>";
		};
		4F7281E025F3C97C00C524C3 /* Repository */ = {
			isa = PBXGroup;
			children = (
				4F7281E125F3C98700C524C3 /* WorkspaceRepositoryTests.swift */,
			);
			path = Repository;
			sourceTree = "<group>";
		};
		4F7281E925F3C9F100C524C3 /* Mock */ = {
			isa = PBXGroup;
			children = (
				4F7281EA25F3C9F900C524C3 /* Domain */,
			);
			path = Mock;
			sourceTree = "<group>";
		};
		4F7281EA25F3C9F900C524C3 /* Domain */ = {
			isa = PBXGroup;
			children = (
				4F7281A125F3AF9800C524C3 /* Entity */,
			);
			path = Domain;
			sourceTree = "<group>";
		};
		4F72820225F3D2AF00C524C3 /* Workspace */ = {
			isa = PBXGroup;
			children = (
				4F72820325F3D2BD00C524C3 /* InsertWorkspaceUseCase.swift */,
			);
			path = Workspace;
			sourceTree = "<group>";
		};
		4F72820825F3D37B00C524C3 /* UseCase */ = {
			isa = PBXGroup;
			children = (
				4F72820925F3D38600C524C3 /* Workspace */,
			);
			path = UseCase;
			sourceTree = "<group>";
		};
		4F72820925F3D38600C524C3 /* Workspace */ = {
			isa = PBXGroup;
			children = (
				4F72820A25F3D39400C524C3 /* InsertWorkspaceUseCaseTests.swift */,
			);
			path = Workspace;
			sourceTree = "<group>";
		};
		4F8F841025EA0E74007359F2 /* DIContainer */ = {
			isa = PBXGroup;
			children = (
				4F8F842C25EA1296007359F2 /* AppDIContainer.swift */,
				4F8F843D25EA1422007359F2 /* FlowCoordinator */,
				4F7281C125F3C7D400C524C3 /* Repository */,
				4F7281C225F3C7D800C524C3 /* UseCase */,
			);
			path = DIContainer;
			sourceTree = "<group>";
		};
		4F8F841125EA0E9A007359F2 /* Utils */ = {
			isa = PBXGroup;
			children = (
			);
			path = Utils;
			sourceTree = "<group>";
		};
		4F8F842625EA1209007359F2 /* FlowCoordinator */ = {
			isa = PBXGroup;
			children = (
				4F8F842725EA121E007359F2 /* AppFlowCoordinator.swift */,
				4F8F843125EA13E7007359F2 /* Factory */,
			);
			path = FlowCoordinator;
			sourceTree = "<group>";
		};
		4F8F843125EA13E7007359F2 /* Factory */ = {
			isa = PBXGroup;
			children = (
				4F8F843225EA13F4007359F2 /* FlowCoordinatorFactory.swift */,
			);
			path = Factory;
			sourceTree = "<group>";
		};
		4F8F843D25EA1422007359F2 /* FlowCoordinator */ = {
			isa = PBXGroup;
			children = (
				4F8F843E25EA143B007359F2 /* AppDIContainer+FlowCoordinatorFactory.swift */,
				4F8F844325EA14AE007359F2 /* AppDIContainer+WorkspaceFlowCoordinatorFactory.swift */,
				4F72815125F102A000C524C3 /* AppDIContainer+AuthFlowCoordinatorFactory.swift */,
			);
			path = FlowCoordinator;
			sourceTree = "<group>";
		};
		4F8F844925EA158C007359F2 /* Domain */ = {
			isa = PBXGroup;
			children = (
				4F8F844A25EA1596007359F2 /* Entity */,
				4F8F844C25EA159F007359F2 /* Interface */,
				4F8F844B25EA159A007359F2 /* UseCase */,
			);
			path = Domain;
			sourceTree = "<group>";
		};
		4F8F844A25EA1596007359F2 /* Entity */ = {
			isa = PBXGroup;
			children = (
				4F3919DC25EB9CF900051A35 /* WorkspaceDomain.swift */,
			);
			path = Entity;
			sourceTree = "<group>";
		};
		4F8F844B25EA159A007359F2 /* UseCase */ = {
			isa = PBXGroup;
			children = (
				4F72820225F3D2AF00C524C3 /* Workspace */,
			);
			path = UseCase;
			sourceTree = "<group>";
		};
		4F8F844C25EA159F007359F2 /* Interface */ = {
			isa = PBXGroup;
			children = (
				4F7281DC25F3C95900C524C3 /* Repository */,
			);
			path = Interface;
			sourceTree = "<group>";
		};
		4FD4F76A25E2302800E22EE0 = {
			isa = PBXGroup;
			children = (
				4FD4F77525E2302800E22EE0 /* Notey */,
				4FD4F78F25E2302900E22EE0 /* NoteyTests */,
				4FD4F79A25E2302A00E22EE0 /* NoteyUITests */,
				4FD4F77425E2302800E22EE0 /* Products */,
				CB898B0CD440B73922BC9B75 /* Pods */,
				A491792ACCB0E648E6A5D967 /* Frameworks */,
			);
			sourceTree = "<group>";
		};
		4FD4F77425E2302800E22EE0 /* Products */ = {
			isa = PBXGroup;
			children = (
				4FD4F77325E2302800E22EE0 /* Notey.app */,
				4FD4F78C25E2302900E22EE0 /* NoteyTests.xctest */,
				4FD4F79725E2302A00E22EE0 /* NoteyUITests.xctest */,
			);
			name = Products;
			sourceTree = "<group>";
		};
		4FD4F77525E2302800E22EE0 /* Notey */ = {
			isa = PBXGroup;
			children = (
				4FD4F7AD25E2303C00E22EE0 /* Application */,
				4F391A6925EBB3D400051A35 /* Common */,
				4FD4F7AE25E2304B00E22EE0 /* Data */,
				4F8F844925EA158C007359F2 /* Domain */,
				4FD4F7B325E2307A00E22EE0 /* Presentation */,
				4FD4F7AC25E2303300E22EE0 /* Resources */,
			);
			path = Notey;
			sourceTree = "<group>";
		};
		4FD4F78F25E2302900E22EE0 /* NoteyTests */ = {
			isa = PBXGroup;
			children = (
				4FD4F79225E2302900E22EE0 /* Info.plist */,
				4F391A7925EBB46200051A35 /* Common */,
				4F391A4125EBACDB00051A35 /* Data */,
				4F7281A025F3AF9100C524C3 /* Domain */,
				4F7281E925F3C9F100C524C3 /* Mock */,
			);
			path = NoteyTests;
			sourceTree = "<group>";
		};
		4FD4F79A25E2302A00E22EE0 /* NoteyUITests */ = {
			isa = PBXGroup;
			children = (
				4FD4F79B25E2302A00E22EE0 /* WriteyUITests.swift */,
				4FD4F79D25E2302A00E22EE0 /* Info.plist */,
			);
			path = NoteyUITests;
			sourceTree = "<group>";
		};
		4FD4F7AC25E2303300E22EE0 /* Resources */ = {
			isa = PBXGroup;
			children = (
				4FD4F78725E2302900E22EE0 /* Info.plist */,
				4F8F845625EA16C5007359F2 /* Main.storyboard */,
				4FD4F78225E2302900E22EE0 /* Assets.xcassets */,
				4FD4F78425E2302900E22EE0 /* LaunchScreen.storyboard */,
			);
			path = Resources;
			sourceTree = "<group>";
		};
		4FD4F7AD25E2303C00E22EE0 /* Application */ = {
			isa = PBXGroup;
			children = (
				4FD4F77625E2302800E22EE0 /* AppDelegate.swift */,
				4FD4F77825E2302800E22EE0 /* SceneDelegate.swift */,
				4F8F841025EA0E74007359F2 /* DIContainer */,
				4F8F842625EA1209007359F2 /* FlowCoordinator */,
			);
			path = Application;
			sourceTree = "<group>";
		};
		4FD4F7AE25E2304B00E22EE0 /* Data */ = {
			isa = PBXGroup;
			children = (
				4F7281AA25F3C62300C524C3 /* Repository */,
				4FD4F7AF25E2304F00E22EE0 /* Storage */,
			);
			path = Data;
			sourceTree = "<group>";
		};
		4FD4F7AF25E2304F00E22EE0 /* Storage */ = {
			isa = PBXGroup;
			children = (
				4FD4F7CB25E230FD00E22EE0 /* CoreData */,
				4FD4F7CC25E2311100E22EE0 /* Workspace */,
			);
			path = Storage;
			sourceTree = "<group>";
		};
		4FD4F7B325E2307A00E22EE0 /* Presentation */ = {
			isa = PBXGroup;
			children = (
				4F8F841125EA0E9A007359F2 /* Utils */,
				4FD4F7B425E2308400E22EE0 /* WorkspaceFlow */,
			);
			path = Presentation;
			sourceTree = "<group>";
		};
		4FD4F7B425E2308400E22EE0 /* WorkspaceFlow */ = {
			isa = PBXGroup;
			children = (
				4F39199425EA820F00051A35 /* DetailUI */,
				4FD4F7C225E230D000E22EE0 /* FlowCoordinator */,
				4FD4F7B525E230B300E22EE0 /* WorkspaceUI */,
			);
			path = WorkspaceFlow;
			sourceTree = "<group>";
		};
		4FD4F7B525E230B300E22EE0 /* WorkspaceUI */ = {
			isa = PBXGroup;
			children = (
				4FD4F7BB25E230CD00E22EE0 /* WorkspaceView.swift */,
				4FD4F7B925E230CD00E22EE0 /* WorkspaceController.swift */,
				4FD4F7BA25E230CD00E22EE0 /* WorkspaceViewModel.swift */,
			);
			path = WorkspaceUI;
			sourceTree = "<group>";
		};
		4FD4F7C225E230D000E22EE0 /* FlowCoordinator */ = {
			isa = PBXGroup;
			children = (
				4FD4F7C325E230DD00E22EE0 /* WorkspaceFlowCoordinator.swift */,
			);
			path = FlowCoordinator;
			sourceTree = "<group>";
		};
		4FD4F7CB25E230FD00E22EE0 /* CoreData */ = {
			isa = PBXGroup;
			children = (
				4FD4F7E825E235F800E22EE0 /* CoreDataStorage.swift */,
				4F3919CC25EB9C5900051A35 /* CoreDataStorage.xcdatamodeld */,
			);
			path = CoreData;
			sourceTree = "<group>";
		};
		4FD4F7CC25E2311100E22EE0 /* Workspace */ = {
			isa = PBXGroup;
			children = (
				4F3919BB25EB9A8000051A35 /* WorkspaceStorage.swift */,
				4F3919BA25EB98E800051A35 /* Local */,
			);
			path = Workspace;
			sourceTree = "<group>";
		};
		A491792ACCB0E648E6A5D967 /* Frameworks */ = {
			isa = PBXGroup;
			children = (
				14AB0CF77F16B702EF7EE9EF /* Pods_Notey.framework */,
				3493935D4C8890EDCC0BAC8A /* Pods_Notey_NoteyUITests.framework */,
				8A658260A056D44E8E2944D3 /* Pods_NoteyTests.framework */,
			);
			name = Frameworks;
			sourceTree = "<group>";
		};
		CB898B0CD440B73922BC9B75 /* Pods */ = {
			isa = PBXGroup;
			children = (
				99566E338E62D35C69E35870 /* Pods-Notey.debug.xcconfig */,
				C28EC96DEBAC9D0BAF0405E1 /* Pods-Notey.release.xcconfig */,
				3CB4E83F339112D9899236B3 /* Pods-Notey-NoteyUITests.debug.xcconfig */,
				0F699101D99725D9BE6BEFB2 /* Pods-Notey-NoteyUITests.release.xcconfig */,
				3632FA531817E0EDBB0011BF /* Pods-NoteyTests.debug.xcconfig */,
				3D316AC12ED0FCA12C344133 /* Pods-NoteyTests.release.xcconfig */,
			);
			path = Pods;
			sourceTree = "<group>";
		};
/* End PBXGroup section */

/* Begin PBXNativeTarget section */
		4FD4F77225E2302800E22EE0 /* Notey */ = {
			isa = PBXNativeTarget;
			buildConfigurationList = 4FD4F7A025E2302A00E22EE0 /* Build configuration list for PBXNativeTarget "Notey" */;
			buildPhases = (
				0E40468F4B6D365DAEC2D7A9 /* [CP] Check Pods Manifest.lock */,
				4FD4F76F25E2302800E22EE0 /* Sources */,
				4FD4F77025E2302800E22EE0 /* Frameworks */,
				4FD4F77125E2302800E22EE0 /* Resources */,
				F153699F74F8C0B66B4C49EE /* [CP] Embed Pods Frameworks */,
			);
			buildRules = (
			);
			dependencies = (
			);
			name = Notey;
			productName = Writey;
			productReference = 4FD4F77325E2302800E22EE0 /* Notey.app */;
			productType = "com.apple.product-type.application";
		};
		4FD4F78B25E2302900E22EE0 /* NoteyTests */ = {
			isa = PBXNativeTarget;
			buildConfigurationList = 4FD4F7A325E2302A00E22EE0 /* Build configuration list for PBXNativeTarget "NoteyTests" */;
			buildPhases = (
				E26AD26D8DD471FB131D16FA /* [CP] Check Pods Manifest.lock */,
				4FD4F78825E2302900E22EE0 /* Sources */,
				4FD4F78925E2302900E22EE0 /* Frameworks */,
				4FD4F78A25E2302900E22EE0 /* Resources */,
				6F3948A54AE93290C134FD64 /* [CP] Embed Pods Frameworks */,
			);
			buildRules = (
			);
			dependencies = (
				4FD4F78E25E2302900E22EE0 /* PBXTargetDependency */,
			);
			name = NoteyTests;
			productName = WriteyTests;
			productReference = 4FD4F78C25E2302900E22EE0 /* NoteyTests.xctest */;
			productType = "com.apple.product-type.bundle.unit-test";
		};
		4FD4F79625E2302A00E22EE0 /* NoteyUITests */ = {
			isa = PBXNativeTarget;
			buildConfigurationList = 4FD4F7A625E2302A00E22EE0 /* Build configuration list for PBXNativeTarget "NoteyUITests" */;
			buildPhases = (
				766467E0D5F36766C2751455 /* [CP] Check Pods Manifest.lock */,
				4FD4F79325E2302A00E22EE0 /* Sources */,
				4FD4F79425E2302A00E22EE0 /* Frameworks */,
				4FD4F79525E2302A00E22EE0 /* Resources */,
				7981A10D3687395DC1B53B39 /* [CP] Embed Pods Frameworks */,
			);
			buildRules = (
			);
			dependencies = (
				4FD4F79925E2302A00E22EE0 /* PBXTargetDependency */,
			);
			name = NoteyUITests;
			productName = WriteyUITests;
			productReference = 4FD4F79725E2302A00E22EE0 /* NoteyUITests.xctest */;
			productType = "com.apple.product-type.bundle.ui-testing";
		};
/* End PBXNativeTarget section */

/* Begin PBXProject section */
		4FD4F76B25E2302800E22EE0 /* Project object */ = {
			isa = PBXProject;
			attributes = {
				LastSwiftUpdateCheck = 1240;
				LastUpgradeCheck = 1240;
				TargetAttributes = {
					4FD4F77225E2302800E22EE0 = {
						CreatedOnToolsVersion = 12.4;
					};
					4FD4F78B25E2302900E22EE0 = {
						CreatedOnToolsVersion = 12.4;
						TestTargetID = 4FD4F77225E2302800E22EE0;
					};
					4FD4F79625E2302A00E22EE0 = {
						CreatedOnToolsVersion = 12.4;
						TestTargetID = 4FD4F77225E2302800E22EE0;
					};
				};
			};
			buildConfigurationList = 4FD4F76E25E2302800E22EE0 /* Build configuration list for PBXProject "Notey" */;
			compatibilityVersion = "Xcode 9.3";
			developmentRegion = en;
			hasScannedForEncodings = 0;
			knownRegions = (
				en,
				Base,
			);
			mainGroup = 4FD4F76A25E2302800E22EE0;
			productRefGroup = 4FD4F77425E2302800E22EE0 /* Products */;
			projectDirPath = "";
			projectRoot = "";
			targets = (
				4FD4F77225E2302800E22EE0 /* Notey */,
				4FD4F78B25E2302900E22EE0 /* NoteyTests */,
				4FD4F79625E2302A00E22EE0 /* NoteyUITests */,
			);
		};
/* End PBXProject section */

/* Begin PBXResourcesBuildPhase section */
		4FD4F77125E2302800E22EE0 /* Resources */ = {
			isa = PBXResourcesBuildPhase;
			buildActionMask = 2147483647;
			files = (
				4F8F845725EA16C5007359F2 /* Main.storyboard in Resources */,
				4FD4F78625E2302900E22EE0 /* LaunchScreen.storyboard in Resources */,
				4FD4F78325E2302900E22EE0 /* Assets.xcassets in Resources */,
			);
			runOnlyForDeploymentPostprocessing = 0;
		};
		4FD4F78A25E2302900E22EE0 /* Resources */ = {
			isa = PBXResourcesBuildPhase;
			buildActionMask = 2147483647;
			files = (
			);
			runOnlyForDeploymentPostprocessing = 0;
		};
		4FD4F79525E2302A00E22EE0 /* Resources */ = {
			isa = PBXResourcesBuildPhase;
			buildActionMask = 2147483647;
			files = (
			);
			runOnlyForDeploymentPostprocessing = 0;
		};
/* End PBXResourcesBuildPhase section */

/* Begin PBXShellScriptBuildPhase section */
		0E40468F4B6D365DAEC2D7A9 /* [CP] Check Pods Manifest.lock */ = {
			isa = PBXShellScriptBuildPhase;
			buildActionMask = 2147483647;
			files = (
			);
			inputFileListPaths = (
			);
			inputPaths = (
				"${PODS_PODFILE_DIR_PATH}/Podfile.lock",
				"${PODS_ROOT}/Manifest.lock",
			);
			name = "[CP] Check Pods Manifest.lock";
			outputFileListPaths = (
			);
			outputPaths = (
				"$(DERIVED_FILE_DIR)/Pods-Notey-checkManifestLockResult.txt",
			);
			runOnlyForDeploymentPostprocessing = 0;
			shellPath = /bin/sh;
			shellScript = "diff \"${PODS_PODFILE_DIR_PATH}/Podfile.lock\" \"${PODS_ROOT}/Manifest.lock\" > /dev/null\nif [ $? != 0 ] ; then\n    # print error to STDERR\n    echo \"error: The sandbox is not in sync with the Podfile.lock. Run 'pod install' or update your CocoaPods installation.\" >&2\n    exit 1\nfi\n# This output is used by Xcode 'outputs' to avoid re-running this script phase.\necho \"SUCCESS\" > \"${SCRIPT_OUTPUT_FILE_0}\"\n";
			showEnvVarsInLog = 0;
		};
		6F3948A54AE93290C134FD64 /* [CP] Embed Pods Frameworks */ = {
			isa = PBXShellScriptBuildPhase;
			buildActionMask = 2147483647;
			files = (
			);
			inputFileListPaths = (
				"${PODS_ROOT}/Target Support Files/Pods-NoteyTests/Pods-NoteyTests-frameworks-${CONFIGURATION}-input-files.xcfilelist",
			);
			name = "[CP] Embed Pods Frameworks";
			outputFileListPaths = (
				"${PODS_ROOT}/Target Support Files/Pods-NoteyTests/Pods-NoteyTests-frameworks-${CONFIGURATION}-output-files.xcfilelist",
			);
			runOnlyForDeploymentPostprocessing = 0;
			shellPath = /bin/sh;
			shellScript = "\"${PODS_ROOT}/Target Support Files/Pods-NoteyTests/Pods-NoteyTests-frameworks.sh\"\n";
			showEnvVarsInLog = 0;
		};
		766467E0D5F36766C2751455 /* [CP] Check Pods Manifest.lock */ = {
			isa = PBXShellScriptBuildPhase;
			buildActionMask = 2147483647;
			files = (
			);
			inputFileListPaths = (
			);
			inputPaths = (
				"${PODS_PODFILE_DIR_PATH}/Podfile.lock",
				"${PODS_ROOT}/Manifest.lock",
			);
			name = "[CP] Check Pods Manifest.lock";
			outputFileListPaths = (
			);
			outputPaths = (
				"$(DERIVED_FILE_DIR)/Pods-Notey-NoteyUITests-checkManifestLockResult.txt",
			);
			runOnlyForDeploymentPostprocessing = 0;
			shellPath = /bin/sh;
			shellScript = "diff \"${PODS_PODFILE_DIR_PATH}/Podfile.lock\" \"${PODS_ROOT}/Manifest.lock\" > /dev/null\nif [ $? != 0 ] ; then\n    # print error to STDERR\n    echo \"error: The sandbox is not in sync with the Podfile.lock. Run 'pod install' or update your CocoaPods installation.\" >&2\n    exit 1\nfi\n# This output is used by Xcode 'outputs' to avoid re-running this script phase.\necho \"SUCCESS\" > \"${SCRIPT_OUTPUT_FILE_0}\"\n";
			showEnvVarsInLog = 0;
		};
		7981A10D3687395DC1B53B39 /* [CP] Embed Pods Frameworks */ = {
			isa = PBXShellScriptBuildPhase;
			buildActionMask = 2147483647;
			files = (
			);
			inputFileListPaths = (
				"${PODS_ROOT}/Target Support Files/Pods-Notey-NoteyUITests/Pods-Notey-NoteyUITests-frameworks-${CONFIGURATION}-input-files.xcfilelist",
			);
			name = "[CP] Embed Pods Frameworks";
			outputFileListPaths = (
				"${PODS_ROOT}/Target Support Files/Pods-Notey-NoteyUITests/Pods-Notey-NoteyUITests-frameworks-${CONFIGURATION}-output-files.xcfilelist",
			);
			runOnlyForDeploymentPostprocessing = 0;
			shellPath = /bin/sh;
			shellScript = "\"${PODS_ROOT}/Target Support Files/Pods-Notey-NoteyUITests/Pods-Notey-NoteyUITests-frameworks.sh\"\n";
			showEnvVarsInLog = 0;
		};
		E26AD26D8DD471FB131D16FA /* [CP] Check Pods Manifest.lock */ = {
			isa = PBXShellScriptBuildPhase;
			buildActionMask = 2147483647;
			files = (
			);
			inputFileListPaths = (
			);
			inputPaths = (
				"${PODS_PODFILE_DIR_PATH}/Podfile.lock",
				"${PODS_ROOT}/Manifest.lock",
			);
			name = "[CP] Check Pods Manifest.lock";
			outputFileListPaths = (
			);
			outputPaths = (
				"$(DERIVED_FILE_DIR)/Pods-NoteyTests-checkManifestLockResult.txt",
			);
			runOnlyForDeploymentPostprocessing = 0;
			shellPath = /bin/sh;
			shellScript = "diff \"${PODS_PODFILE_DIR_PATH}/Podfile.lock\" \"${PODS_ROOT}/Manifest.lock\" > /dev/null\nif [ $? != 0 ] ; then\n    # print error to STDERR\n    echo \"error: The sandbox is not in sync with the Podfile.lock. Run 'pod install' or update your CocoaPods installation.\" >&2\n    exit 1\nfi\n# This output is used by Xcode 'outputs' to avoid re-running this script phase.\necho \"SUCCESS\" > \"${SCRIPT_OUTPUT_FILE_0}\"\n";
			showEnvVarsInLog = 0;
		};
		F153699F74F8C0B66B4C49EE /* [CP] Embed Pods Frameworks */ = {
			isa = PBXShellScriptBuildPhase;
			buildActionMask = 2147483647;
			files = (
			);
			inputFileListPaths = (
				"${PODS_ROOT}/Target Support Files/Pods-Notey/Pods-Notey-frameworks-${CONFIGURATION}-input-files.xcfilelist",
			);
			name = "[CP] Embed Pods Frameworks";
			outputFileListPaths = (
				"${PODS_ROOT}/Target Support Files/Pods-Notey/Pods-Notey-frameworks-${CONFIGURATION}-output-files.xcfilelist",
			);
			runOnlyForDeploymentPostprocessing = 0;
			shellPath = /bin/sh;
			shellScript = "\"${PODS_ROOT}/Target Support Files/Pods-Notey/Pods-Notey-frameworks.sh\"\n";
			showEnvVarsInLog = 0;
		};
/* End PBXShellScriptBuildPhase section */

/* Begin PBXSourcesBuildPhase section */
		4FD4F76F25E2302800E22EE0 /* Sources */ = {
			isa = PBXSourcesBuildPhase;
			buildActionMask = 2147483647;
			files = (
				4F391A2425EBA5B900051A35 /* WorkspaceEntity+CoreDataClass.swift in Sources */,
				4F391A2525EBA5B900051A35 /* WorkspaceEntity+CoreDataProperties.swift in Sources */,
				4F8F842D25EA1296007359F2 /* AppDIContainer.swift in Sources */,
				4F7281AC25F3C63600C524C3 /* WorkspaceRepository.swift in Sources */,
				4F39199A25EA822B00051A35 /* WSDetailView.swift in Sources */,
				4FD4F7E925E235F800E22EE0 /* CoreDataStorage.swift in Sources */,
				4F3919CE25EB9C5900051A35 /* CoreDataStorage.xcdatamodeld in Sources */,
				4F3919BC25EB9A8000051A35 /* WorkspaceStorage.swift in Sources */,
				4FD4F7BE25E230CD00E22EE0 /* WorkspaceView.swift in Sources */,
				4F8F842825EA121E007359F2 /* AppFlowCoordinator.swift in Sources */,
				4F7281C525F3C7E800C524C3 /* RepositoryFactory.swift in Sources */,
				4F7281B125F3C64900C524C3 /* DefaultWorkspaceRepository.swift in Sources */,
				4FD4F77725E2302800E22EE0 /* AppDelegate.swift in Sources */,
				4F3919C425EB9AA200051A35 /* LocalWorkspaceStorage.swift in Sources */,
				4F391A7525EBB45500051A35 /* Int64.swift in Sources */,
				4F391A6D25EBB3F100051A35 /* Date.swift in Sources */,
				4F3919DD25EB9CF900051A35 /* WorkspaceDomain.swift in Sources */,
				4FD4F77925E2302800E22EE0 /* SceneDelegate.swift in Sources */,
				4F8F843F25EA143B007359F2 /* AppDIContainer+FlowCoordinatorFactory.swift in Sources */,
				4FD4F7C425E230DD00E22EE0 /* WorkspaceFlowCoordinator.swift in Sources */,
				4F72821825F3D44C00C524C3 /* AppDIContainer+WorkspaceUseCase.swift in Sources */,
				4FD4F7BC25E230CD00E22EE0 /* WorkspaceController.swift in Sources */,
				4F39199925EA822B00051A35 /* WSDetailViewModel.swift in Sources */,
				4F72815225F102A000C524C3 /* AppDIContainer+AuthFlowCoordinatorFactory.swift in Sources */,
				4FD4F7BD25E230CD00E22EE0 /* WorkspaceViewModel.swift in Sources */,
				4F39199825EA822B00051A35 /* WSDetailController.swift in Sources */,
				4F8F844425EA14AE007359F2 /* AppDIContainer+WorkspaceFlowCoordinatorFactory.swift in Sources */,
				4F72820425F3D2BD00C524C3 /* InsertWorkspaceUseCase.swift in Sources */,
				4F7281D625F3C85700C524C3 /* AppDIContainer+WorkspaceRepository.swift in Sources */,
				4F7281CB25F3C7F800C524C3 /* UseCaseFactory.swift in Sources */,
				4F8F843325EA13F4007359F2 /* FlowCoordinatorFactory.swift in Sources */,
			);
			runOnlyForDeploymentPostprocessing = 0;
		};
		4FD4F78825E2302900E22EE0 /* Sources */ = {
			isa = PBXSourcesBuildPhase;
			buildActionMask = 2147483647;
			files = (
				4F391A4725EBAD1300051A35 /* LocalWorkspaceStorageTests.swift in Sources */,
				4F391A8025EBB47B00051A35 /* DateTests.swift in Sources */,
				4F72819925F3977F00C524C3 /* CoreDataStorage.xcdatamodeld in Sources */,
				4F7281A325F3AFA800C524C3 /* WorkspaceDomainMock.swift in Sources */,
				4F72820B25F3D39400C524C3 /* InsertWorkspaceUseCaseTests.swift in Sources */,
				4F391A5F25EBB1FD00051A35 /* CoreDataStorageMock.swift in Sources */,
				4F391A8525EBB48200051A35 /* Int64Tests.swift in Sources */,
				4F7281E225F3C98700C524C3 /* WorkspaceRepositoryTests.swift in Sources */,
			);
			runOnlyForDeploymentPostprocessing = 0;
		};
		4FD4F79325E2302A00E22EE0 /* Sources */ = {
			isa = PBXSourcesBuildPhase;
			buildActionMask = 2147483647;
			files = (
				4FD4F79C25E2302A00E22EE0 /* WriteyUITests.swift in Sources */,
			);
			runOnlyForDeploymentPostprocessing = 0;
		};
/* End PBXSourcesBuildPhase section */

/* Begin PBXTargetDependency section */
		4FD4F78E25E2302900E22EE0 /* PBXTargetDependency */ = {
			isa = PBXTargetDependency;
			target = 4FD4F77225E2302800E22EE0 /* Notey */;
			targetProxy = 4FD4F78D25E2302900E22EE0 /* PBXContainerItemProxy */;
		};
		4FD4F79925E2302A00E22EE0 /* PBXTargetDependency */ = {
			isa = PBXTargetDependency;
			target = 4FD4F77225E2302800E22EE0 /* Notey */;
			targetProxy = 4FD4F79825E2302A00E22EE0 /* PBXContainerItemProxy */;
		};
/* End PBXTargetDependency section */

/* Begin PBXVariantGroup section */
		4FD4F78425E2302900E22EE0 /* LaunchScreen.storyboard */ = {
			isa = PBXVariantGroup;
			children = (
				4FD4F78525E2302900E22EE0 /* Base */,
			);
			name = LaunchScreen.storyboard;
			sourceTree = "<group>";
		};
/* End PBXVariantGroup section */

/* Begin XCBuildConfiguration section */
		4FD4F79E25E2302A00E22EE0 /* Debug */ = {
			isa = XCBuildConfiguration;
			buildSettings = {
				ALWAYS_SEARCH_USER_PATHS = NO;
				CLANG_ANALYZER_NONNULL = YES;
				CLANG_ANALYZER_NUMBER_OBJECT_CONVERSION = YES_AGGRESSIVE;
				CLANG_CXX_LANGUAGE_STANDARD = "gnu++14";
				CLANG_CXX_LIBRARY = "libc++";
				CLANG_ENABLE_MODULES = YES;
				CLANG_ENABLE_OBJC_ARC = YES;
				CLANG_ENABLE_OBJC_WEAK = YES;
				CLANG_WARN_BLOCK_CAPTURE_AUTORELEASING = YES;
				CLANG_WARN_BOOL_CONVERSION = YES;
				CLANG_WARN_COMMA = YES;
				CLANG_WARN_CONSTANT_CONVERSION = YES;
				CLANG_WARN_DEPRECATED_OBJC_IMPLEMENTATIONS = YES;
				CLANG_WARN_DIRECT_OBJC_ISA_USAGE = YES_ERROR;
				CLANG_WARN_DOCUMENTATION_COMMENTS = YES;
				CLANG_WARN_EMPTY_BODY = YES;
				CLANG_WARN_ENUM_CONVERSION = YES;
				CLANG_WARN_INFINITE_RECURSION = YES;
				CLANG_WARN_INT_CONVERSION = YES;
				CLANG_WARN_NON_LITERAL_NULL_CONVERSION = YES;
				CLANG_WARN_OBJC_IMPLICIT_RETAIN_SELF = YES;
				CLANG_WARN_OBJC_LITERAL_CONVERSION = YES;
				CLANG_WARN_OBJC_ROOT_CLASS = YES_ERROR;
				CLANG_WARN_QUOTED_INCLUDE_IN_FRAMEWORK_HEADER = YES;
				CLANG_WARN_RANGE_LOOP_ANALYSIS = YES;
				CLANG_WARN_STRICT_PROTOTYPES = YES;
				CLANG_WARN_SUSPICIOUS_MOVE = YES;
				CLANG_WARN_UNGUARDED_AVAILABILITY = YES_AGGRESSIVE;
				CLANG_WARN_UNREACHABLE_CODE = YES;
				CLANG_WARN__DUPLICATE_METHOD_MATCH = YES;
				COPY_PHASE_STRIP = NO;
				DEBUG_INFORMATION_FORMAT = dwarf;
				ENABLE_STRICT_OBJC_MSGSEND = YES;
				ENABLE_TESTABILITY = YES;
				GCC_C_LANGUAGE_STANDARD = gnu11;
				GCC_DYNAMIC_NO_PIC = NO;
				GCC_NO_COMMON_BLOCKS = YES;
				GCC_OPTIMIZATION_LEVEL = 0;
				GCC_PREPROCESSOR_DEFINITIONS = (
					"DEBUG=1",
					"$(inherited)",
				);
				GCC_WARN_64_TO_32_BIT_CONVERSION = YES;
				GCC_WARN_ABOUT_RETURN_TYPE = YES_ERROR;
				GCC_WARN_UNDECLARED_SELECTOR = YES;
				GCC_WARN_UNINITIALIZED_AUTOS = YES_AGGRESSIVE;
				GCC_WARN_UNUSED_FUNCTION = YES;
				GCC_WARN_UNUSED_VARIABLE = YES;
				IPHONEOS_DEPLOYMENT_TARGET = 14.4;
				MTL_ENABLE_DEBUG_INFO = INCLUDE_SOURCE;
				MTL_FAST_MATH = YES;
				ONLY_ACTIVE_ARCH = YES;
				SDKROOT = iphoneos;
				SWIFT_ACTIVE_COMPILATION_CONDITIONS = DEBUG;
				SWIFT_OPTIMIZATION_LEVEL = "-Onone";
			};
			name = Debug;
		};
		4FD4F79F25E2302A00E22EE0 /* Release */ = {
			isa = XCBuildConfiguration;
			buildSettings = {
				ALWAYS_SEARCH_USER_PATHS = NO;
				CLANG_ANALYZER_NONNULL = YES;
				CLANG_ANALYZER_NUMBER_OBJECT_CONVERSION = YES_AGGRESSIVE;
				CLANG_CXX_LANGUAGE_STANDARD = "gnu++14";
				CLANG_CXX_LIBRARY = "libc++";
				CLANG_ENABLE_MODULES = YES;
				CLANG_ENABLE_OBJC_ARC = YES;
				CLANG_ENABLE_OBJC_WEAK = YES;
				CLANG_WARN_BLOCK_CAPTURE_AUTORELEASING = YES;
				CLANG_WARN_BOOL_CONVERSION = YES;
				CLANG_WARN_COMMA = YES;
				CLANG_WARN_CONSTANT_CONVERSION = YES;
				CLANG_WARN_DEPRECATED_OBJC_IMPLEMENTATIONS = YES;
				CLANG_WARN_DIRECT_OBJC_ISA_USAGE = YES_ERROR;
				CLANG_WARN_DOCUMENTATION_COMMENTS = YES;
				CLANG_WARN_EMPTY_BODY = YES;
				CLANG_WARN_ENUM_CONVERSION = YES;
				CLANG_WARN_INFINITE_RECURSION = YES;
				CLANG_WARN_INT_CONVERSION = YES;
				CLANG_WARN_NON_LITERAL_NULL_CONVERSION = YES;
				CLANG_WARN_OBJC_IMPLICIT_RETAIN_SELF = YES;
				CLANG_WARN_OBJC_LITERAL_CONVERSION = YES;
				CLANG_WARN_OBJC_ROOT_CLASS = YES_ERROR;
				CLANG_WARN_QUOTED_INCLUDE_IN_FRAMEWORK_HEADER = YES;
				CLANG_WARN_RANGE_LOOP_ANALYSIS = YES;
				CLANG_WARN_STRICT_PROTOTYPES = YES;
				CLANG_WARN_SUSPICIOUS_MOVE = YES;
				CLANG_WARN_UNGUARDED_AVAILABILITY = YES_AGGRESSIVE;
				CLANG_WARN_UNREACHABLE_CODE = YES;
				CLANG_WARN__DUPLICATE_METHOD_MATCH = YES;
				COPY_PHASE_STRIP = NO;
				DEBUG_INFORMATION_FORMAT = "dwarf-with-dsym";
				ENABLE_NS_ASSERTIONS = NO;
				ENABLE_STRICT_OBJC_MSGSEND = YES;
				GCC_C_LANGUAGE_STANDARD = gnu11;
				GCC_NO_COMMON_BLOCKS = YES;
				GCC_WARN_64_TO_32_BIT_CONVERSION = YES;
				GCC_WARN_ABOUT_RETURN_TYPE = YES_ERROR;
				GCC_WARN_UNDECLARED_SELECTOR = YES;
				GCC_WARN_UNINITIALIZED_AUTOS = YES_AGGRESSIVE;
				GCC_WARN_UNUSED_FUNCTION = YES;
				GCC_WARN_UNUSED_VARIABLE = YES;
				IPHONEOS_DEPLOYMENT_TARGET = 14.4;
				MTL_ENABLE_DEBUG_INFO = NO;
				MTL_FAST_MATH = YES;
				SDKROOT = iphoneos;
				SWIFT_COMPILATION_MODE = wholemodule;
				SWIFT_OPTIMIZATION_LEVEL = "-O";
				VALIDATE_PRODUCT = YES;
			};
			name = Release;
		};
		4FD4F7A125E2302A00E22EE0 /* Debug */ = {
			isa = XCBuildConfiguration;
			baseConfigurationReference = 99566E338E62D35C69E35870 /* Pods-Notey.debug.xcconfig */;
			buildSettings = {
				ASSETCATALOG_COMPILER_APPICON_NAME = AppIcon;
				ASSETCATALOG_COMPILER_GLOBAL_ACCENT_COLOR_NAME = AccentColor;
				CODE_SIGN_STYLE = Automatic;
				DEVELOPMENT_TEAM = 5NTQ9A32JY;
				ENABLE_TESTING_SEARCH_PATHS = NO;
				INFOPLIST_FILE = "$(SRCROOT)/Notey/Resources/Info.plist";
				IPHONEOS_DEPLOYMENT_TARGET = 13.0;
				LD_RUNPATH_SEARCH_PATHS = (
					"$(inherited)",
					"@executable_path/Frameworks",
				);
				PRODUCT_BUNDLE_IDENTIFIER = com.arifluthfiansyah.Notey;
				PRODUCT_NAME = "$(TARGET_NAME)";
				SWIFT_VERSION = 5.0;
				TARGETED_DEVICE_FAMILY = 1;
			};
			name = Debug;
		};
		4FD4F7A225E2302A00E22EE0 /* Release */ = {
			isa = XCBuildConfiguration;
			baseConfigurationReference = C28EC96DEBAC9D0BAF0405E1 /* Pods-Notey.release.xcconfig */;
			buildSettings = {
				ASSETCATALOG_COMPILER_APPICON_NAME = AppIcon;
				ASSETCATALOG_COMPILER_GLOBAL_ACCENT_COLOR_NAME = AccentColor;
				CODE_SIGN_STYLE = Automatic;
				DEVELOPMENT_TEAM = 5NTQ9A32JY;
				ENABLE_TESTING_SEARCH_PATHS = NO;
				INFOPLIST_FILE = "$(SRCROOT)/Notey/Resources/Info.plist";
				IPHONEOS_DEPLOYMENT_TARGET = 13.0;
				LD_RUNPATH_SEARCH_PATHS = (
					"$(inherited)",
					"@executable_path/Frameworks",
				);
				PRODUCT_BUNDLE_IDENTIFIER = com.arifluthfiansyah.Notey;
				PRODUCT_NAME = "$(TARGET_NAME)";
				SWIFT_VERSION = 5.0;
				TARGETED_DEVICE_FAMILY = 1;
			};
			name = Release;
		};
		4FD4F7A425E2302A00E22EE0 /* Debug */ = {
			isa = XCBuildConfiguration;
			baseConfigurationReference = 3632FA531817E0EDBB0011BF /* Pods-NoteyTests.debug.xcconfig */;
			buildSettings = {
				ALWAYS_EMBED_SWIFT_STANDARD_LIBRARIES = YES;
				BUNDLE_LOADER = "$(TEST_HOST)";
				CODE_SIGN_STYLE = Automatic;
				DEVELOPMENT_TEAM = 5NTQ9A32JY;
				INFOPLIST_FILE = NoteyTests/Info.plist;
				IPHONEOS_DEPLOYMENT_TARGET = 14.4;
				LD_RUNPATH_SEARCH_PATHS = (
					"$(inherited)",
					"@executable_path/Frameworks",
					"@loader_path/Frameworks",
				);
				PRODUCT_BUNDLE_IDENTIFIER = com.arifluthfiansyah.NoteyTests;
				PRODUCT_NAME = "$(TARGET_NAME)";
				SWIFT_VERSION = 5.0;
				TARGETED_DEVICE_FAMILY = "1,2";
				TEST_HOST = "$(BUILT_PRODUCTS_DIR)/Notey.app/Notey";
			};
			name = Debug;
		};
		4FD4F7A525E2302A00E22EE0 /* Release */ = {
			isa = XCBuildConfiguration;
			baseConfigurationReference = 3D316AC12ED0FCA12C344133 /* Pods-NoteyTests.release.xcconfig */;
			buildSettings = {
				ALWAYS_EMBED_SWIFT_STANDARD_LIBRARIES = YES;
				BUNDLE_LOADER = "$(TEST_HOST)";
				CODE_SIGN_STYLE = Automatic;
				DEVELOPMENT_TEAM = 5NTQ9A32JY;
				INFOPLIST_FILE = NoteyTests/Info.plist;
				IPHONEOS_DEPLOYMENT_TARGET = 14.4;
				LD_RUNPATH_SEARCH_PATHS = (
					"$(inherited)",
					"@executable_path/Frameworks",
					"@loader_path/Frameworks",
				);
				PRODUCT_BUNDLE_IDENTIFIER = com.arifluthfiansyah.NoteyTests;
				PRODUCT_NAME = "$(TARGET_NAME)";
				SWIFT_VERSION = 5.0;
				TARGETED_DEVICE_FAMILY = "1,2";
				TEST_HOST = "$(BUILT_PRODUCTS_DIR)/Notey.app/Notey";
			};
			name = Release;
		};
		4FD4F7A725E2302A00E22EE0 /* Debug */ = {
			isa = XCBuildConfiguration;
			baseConfigurationReference = 3CB4E83F339112D9899236B3 /* Pods-Notey-NoteyUITests.debug.xcconfig */;
			buildSettings = {
				ALWAYS_EMBED_SWIFT_STANDARD_LIBRARIES = YES;
				CODE_SIGN_STYLE = Automatic;
				DEVELOPMENT_TEAM = 5NTQ9A32JY;
				INFOPLIST_FILE = NoteyUITests/Info.plist;
				LD_RUNPATH_SEARCH_PATHS = (
					"$(inherited)",
					"@executable_path/Frameworks",
					"@loader_path/Frameworks",
				);
				PRODUCT_BUNDLE_IDENTIFIER = com.arifluthfiansyah.NoteyUITests;
				PRODUCT_NAME = "$(TARGET_NAME)";
				SWIFT_VERSION = 5.0;
				TARGETED_DEVICE_FAMILY = "1,2";
				TEST_TARGET_NAME = Writey;
			};
			name = Debug;
		};
		4FD4F7A825E2302A00E22EE0 /* Release */ = {
			isa = XCBuildConfiguration;
			baseConfigurationReference = 0F699101D99725D9BE6BEFB2 /* Pods-Notey-NoteyUITests.release.xcconfig */;
			buildSettings = {
				ALWAYS_EMBED_SWIFT_STANDARD_LIBRARIES = YES;
				CODE_SIGN_STYLE = Automatic;
				DEVELOPMENT_TEAM = 5NTQ9A32JY;
				INFOPLIST_FILE = NoteyUITests/Info.plist;
				LD_RUNPATH_SEARCH_PATHS = (
					"$(inherited)",
					"@executable_path/Frameworks",
					"@loader_path/Frameworks",
				);
				PRODUCT_BUNDLE_IDENTIFIER = com.arifluthfiansyah.NoteyUITests;
				PRODUCT_NAME = "$(TARGET_NAME)";
				SWIFT_VERSION = 5.0;
				TARGETED_DEVICE_FAMILY = "1,2";
				TEST_TARGET_NAME = Writey;
			};
			name = Release;
		};
/* End XCBuildConfiguration section */

/* Begin XCConfigurationList section */
		4FD4F76E25E2302800E22EE0 /* Build configuration list for PBXProject "Notey" */ = {
			isa = XCConfigurationList;
			buildConfigurations = (
				4FD4F79E25E2302A00E22EE0 /* Debug */,
				4FD4F79F25E2302A00E22EE0 /* Release */,
			);
			defaultConfigurationIsVisible = 0;
			defaultConfigurationName = Release;
		};
		4FD4F7A025E2302A00E22EE0 /* Build configuration list for PBXNativeTarget "Notey" */ = {
			isa = XCConfigurationList;
			buildConfigurations = (
				4FD4F7A125E2302A00E22EE0 /* Debug */,
				4FD4F7A225E2302A00E22EE0 /* Release */,
			);
			defaultConfigurationIsVisible = 0;
			defaultConfigurationName = Release;
		};
		4FD4F7A325E2302A00E22EE0 /* Build configuration list for PBXNativeTarget "NoteyTests" */ = {
			isa = XCConfigurationList;
			buildConfigurations = (
				4FD4F7A425E2302A00E22EE0 /* Debug */,
				4FD4F7A525E2302A00E22EE0 /* Release */,
			);
			defaultConfigurationIsVisible = 0;
			defaultConfigurationName = Release;
		};
		4FD4F7A625E2302A00E22EE0 /* Build configuration list for PBXNativeTarget "NoteyUITests" */ = {
			isa = XCConfigurationList;
			buildConfigurations = (
				4FD4F7A725E2302A00E22EE0 /* Debug */,
				4FD4F7A825E2302A00E22EE0 /* Release */,
			);
			defaultConfigurationIsVisible = 0;
			defaultConfigurationName = Release;
		};
/* End XCConfigurationList section */

/* Begin XCVersionGroup section */
		4F3919CC25EB9C5900051A35 /* CoreDataStorage.xcdatamodeld */ = {
			isa = XCVersionGroup;
			children = (
				4F3919CD25EB9C5900051A35 /* CoreDataStorage.xcdatamodel */,
			);
			currentVersion = 4F3919CD25EB9C5900051A35 /* CoreDataStorage.xcdatamodel */;
			path = CoreDataStorage.xcdatamodeld;
			sourceTree = "<group>";
			versionGroupType = wrapper.xcdatamodel;
		};
/* End XCVersionGroup section */
	};
	rootObject = 4FD4F76B25E2302800E22EE0 /* Project object */;
}
